
Microsoft Visual Studio Solution File, Format Version 12.00
# Visual Studio Version 16
VisualStudioVersion = 16.0.29209.152
MinimumVisualStudioVersion = 10.0.40219.1
Project("{9A19103F-16F7-4668-BE54-9A1E7A4F7556}") = "weerp.Services.Operations", "src\weerp.Services.Operations\weerp.Services.Operations.csproj", "{95061516-568D-43FE-AA21-071E6D5158DB}"
EndProject
Project("{9A19103F-16F7-4668-BE54-9A1E7A4F7556}") = "MicroS-Common", "..\..\MicroS-Common\src\MicroS-Common\MicroS-Common.csproj", "{C6471881-3B2C-45A3-9AE4-D09E8BF45F0D}"
EndProject
Project("{9A19103F-16F7-4668-BE54-9A1E7A4F7556}") = "weerp.domain", "..\weerp.domain\src\weerp.domain\weerp.domain.csproj", "{C49D2D99-5D6B-4728-8EEE-770BB16CEC16}"
EndProject
Global
	GlobalSection(SolutionConfigurationPlatforms) = preSolution
		Debug|Any CPU = Debug|Any CPU
		Release|Any CPU = Release|Any CPU
	EndGlobalSection
	GlobalSection(ProjectConfigurationPlatforms) = postSolution
		{95061516-568D-43FE-AA21-071E6D5158DB}.Debug|Any CPU.ActiveCfg = Debug|Any CPU
		{95061516-568D-43FE-AA21-071E6D5158DB}.Debug|Any CPU.Build.0 = Debug|Any CPU
		{95061516-568D-43FE-AA21-071E6D5158DB}.Release|Any CPU.ActiveCfg = Release|Any CPU
		{95061516-568D-43FE-AA21-071E6D5158DB}.Release|Any CPU.Build.0 = Release|Any CPU
		{C6471881-3B2C-45A3-9AE4-D09E8BF45F0D}.Debug|Any CPU.ActiveCfg = Debug|Any CPU
		{C6471881-3B2C-45A3-9AE4-D09E8BF45F0D}.Debug|Any CPU.Build.0 = Debug|Any CPU
		{C6471881-3B2C-45A3-9AE4-D09E8BF45F0D}.Release|Any CPU.ActiveCfg = Release|Any CPU
		{C6471881-3B2C-45A3-9AE4-D09E8BF45F0D}.Release|Any CPU.Build.0 = Release|Any CPU
		{C49D2D99-5D6B-4728-8EEE-770BB16CEC16}.Debug|Any CPU.ActiveCfg = Debug|Any CPU
		{C49D2D99-5D6B-4728-8EEE-770BB16CEC16}.Debug|Any CPU.Build.0 = Debug|Any CPU
		{C49D2D99-5D6B-4728-8EEE-770BB16CEC16}.Release|Any CPU.ActiveCfg = Release|Any CPU
		{C49D2D99-5D6B-4728-8EEE-770BB16CEC16}.Release|Any CPU.Build.0 = Release|Any CPU
	EndGlobalSection
	GlobalSection(SolutionProperties) = preSolution
		HideSolutionNode = FALSE
	EndGlobalSection
	GlobalSection(ExtensibilityGlobals) = postSolution
		SolutionGuid = {1AD4DC54-13CC-44FA-8607-EA22162B1630}
	EndGlobalSection
EndGlobal
